
Microsoft Visual Studio Solution File, Format Version 12.00
Project("{FAE04EC0-301F-11D3-BF4B-00C04F79EFBC}") = "Quark2", "Quark2\Quark2.csproj", "{C540B8DF-043E-44CC-8C82-AA97283F2E51}"
EndProject
Project("{FAE04EC0-301F-11D3-BF4B-00C04F79EFBC}") = "CommonBytecode", "CommonBytecode\CommonBytecode.csproj", "{E0A32CE8-432B-4E82-8DB7-CB841BA93448}"
EndProject
Project("{FAE04EC0-301F-11D3-BF4B-00C04F79EFBC}") = "VirtualMachine", "VirtualMachine\VirtualMachine.csproj", "{28784E77-EE9B-4FA8-8FFE-AB837A0629A7}"
EndProject
Project("{FAE04EC0-301F-11D3-BF4B-00C04F79EFBC}") = "AbstractExecutor", "AbstractExecutor\AbstractExecutor.csproj", "{4A7332AA-4C03-4606-B22B-ECBDDC43936D}"
EndProject
Project("{FAE04EC0-301F-11D3-BF4B-00C04F79EFBC}") = "BytecodeGenerationSimplifier", "BytecodeGenerationSimplifier\BytecodeGenerationSimplifier.csproj", "{23655F1D-0308-4A7F-9156-EEFF7C433769}"
EndProject
Project("{FAE04EC0-301F-11D3-BF4B-00C04F79EFBC}") = "ExceptionsManager", "ExceptionsManager\ExceptionsManager.csproj", "{A1647657-0097-49D0-AFE0-FB536B3693B8}"
EndProject
Project("{FAE04EC0-301F-11D3-BF4B-00C04F79EFBC}") = "QuarkIO", "QuarkIO\QuarkIO.csproj", "{86F74F91-8AA1-4994-9593-1964846B6A88}"
EndProject
Project("{FAE04EC0-301F-11D3-BF4B-00C04F79EFBC}") = "DotnetLibrariesMethodsImporter", "DotnetLibrariesMethodsImporter\DotnetLibrariesMethodsImporter.csproj", "{DF69FFB7-695F-4BFB-94D8-779CAD2FFCD1}"
EndProject
Project("{2150E333-8FDC-42A3-9474-1A3956D46DE8}") = "Libraries", "Libraries", "{9FB6F7E6-CEE1-4283-997D-12353A24085F}"
EndProject
Project("{FAE04EC0-301F-11D3-BF4B-00C04F79EFBC}") = "QuarkRandom", "QuarkRandom\QuarkRandom.csproj", "{DC2F0151-1608-43BA-B518-5056CAAEA1F7}"
EndProject
Project("{2150E333-8FDC-42A3-9474-1A3956D46DE8}") = "CommonModules", "CommonModules", "{7E557B1F-6B73-49B6-B469-41A540D8EB62}"
EndProject
Project("{FAE04EC0-301F-11D3-BF4B-00C04F79EFBC}") = "Doubles", "Doubles\Doubles.csproj", "{D9EBC170-9DE2-4D20-9B51-28381FFCAD74}"
EndProject
Project("{FAE04EC0-301F-11D3-BF4B-00C04F79EFBC}") = "QuarkVector", "QuarkVector\QuarkVector.csproj", "{30D0ACB6-6268-4EA0-9B97-E5A29A36C8F9}"
EndProject
Project("{2150E333-8FDC-42A3-9474-1A3956D46DE8}") = "Backend", "Backend", "{91EBD7AA-7FB8-4B70-A957-C3223CC1B6F0}"
EndProject
Project("{2150E333-8FDC-42A3-9474-1A3956D46DE8}") = "Frontend", "Frontend", "{765B5CFA-5E29-4652-8CC1-DDA1BAF3498D}"
EndProject
Project("{FAE04EC0-301F-11D3-BF4B-00C04F79EFBC}") = "QuarkCFrontend", "QuarkCFrontend\QuarkCFrontend.csproj", "{D8860990-96FE-4B18-8099-765ADE6E7523}"
EndProject
Project("{FAE04EC0-301F-11D3-BF4B-00C04F79EFBC}") = "QuarkAsgToBytecodeTranslator", "QuarkAsgToBytecodeTranslator\QuarkAsgToBytecodeTranslator.csproj", "{ED7ED649-DDD5-458C-AB93-6B21A38ED229}"
EndProject
Project("{2150E333-8FDC-42A3-9474-1A3956D46DE8}") = "Bytecode", "Bytecode", "{C5F332E7-FD0B-413B-A6FB-51B1DBE6E687}"
EndProject
Project("{FAE04EC0-301F-11D3-BF4B-00C04F79EFBC}") = "CommonDataStructures", "CommonDataStructures\CommonDataStructures.csproj", "{5F5EC9A4-7760-4AB9-8FF9-1E097862137E}"
EndProject
Project("{FAE04EC0-301F-11D3-BF4B-00C04F79EFBC}") = "QuarkWebApi", "QuarkWebApi\QuarkWebApi.csproj", "{D11D3BC2-1FBD-4B80-B817-34C00C23D33C}"
EndProject
Project("{2150E333-8FDC-42A3-9474-1A3956D46DE8}") = "Frameworks", "Frameworks", "{604E489F-7FFB-43AE-80EC-BF8EFC4F3F9E}"
EndProject
Project("{FAE04EC0-301F-11D3-BF4B-00C04F79EFBC}") = "QuarkStrings", "QuarkStrings\QuarkStrings.csproj", "{3713435A-C847-4B97-9DAE-819E680272A2}"
EndProject
Project("{FAE04EC0-301F-11D3-BF4B-00C04F79EFBC}") = "QuarkMap", "QuarkMap\QuarkMap.csproj", "{FD0AE4FD-754C-45AF-901D-AE19BC27CF8F}"
EndProject
Project("{FAE04EC0-301F-11D3-BF4B-00C04F79EFBC}") = "QuarkStaticVariables", "QuarkStaticVariables\QuarkStaticVariables.csproj", "{D4BDE9FC-5815-42D0-A44C-86AAA098D100}"
EndProject
Project("{FAE04EC0-301F-11D3-BF4B-00C04F79EFBC}") = "QuarkSerializaton", "QuarkSerializaton\QuarkSerializaton.csproj", "{FCA0150C-983D-440E-8E6F-DAA564BCBA84}"
EndProject
Project("{FAE04EC0-301F-11D3-BF4B-00C04F79EFBC}") = "QuarkTypesConverter", "QuarkTypesConverter\QuarkTypesConverter.csproj", "{C6688E33-A479-475F-AF66-3F3CEAD32528}"
EndProject
Project("{FAE04EC0-301F-11D3-BF4B-00C04F79EFBC}") = "QuarkFiles", "QuarkFiles\QuarkFiles.csproj", "{E0725DE2-7DEE-4092-BD6A-3C933D9E9165}"
EndProject
Project("{FAE04EC0-301F-11D3-BF4B-00C04F79EFBC}") = "QuarkConstants", "QuarkConstants\QuarkConstants.csproj", "{FF3FB5E8-2220-4868-95A8-715D6BECEBEB}"
EndProject
Project("{2150E333-8FDC-42A3-9474-1A3956D46DE8}") = "VirtualMachine", "VirtualMachine", "{70CF601C-755F-439E-BEE7-0782848A0B08}"
EndProject
Project("{2150E333-8FDC-42A3-9474-1A3956D46DE8}") = "TranslatorToMsil", "TranslatorToMsil", "{2412AFDD-B31A-4B90-A5D4-1B3A9D77AB79}"
EndProject
Project("{FAE04EC0-301F-11D3-BF4B-00C04F79EFBC}") = "TranslatorToMsil", "TranslatorToMsil\TranslatorToMsil.csproj", "{E2E7758B-BB2E-4E8C-9965-F860A3516BC8}"
EndProject
Project("{FAE04EC0-301F-11D3-BF4B-00C04F79EFBC}") = "ConfigurationManager", "ConfigurationManager\ConfigurationManager.csproj", "{E4A5B3A6-9583-47C8-9176-55264AB58F3C}"
EndProject
Project("{FAE04EC0-301F-11D3-BF4B-00C04F79EFBC}") = "LinqFrontend", "LinqFrontend\LinqFrontend.csproj", "{66EAE956-4940-4F67-A141-13AA86FA7081}"
EndProject
Project("{FAE04EC0-301F-11D3-BF4B-00C04F79EFBC}") = "QuarkLexer", "QuarkLexer\QuarkLexer.csproj", "{4245E997-A9C6-45B6-BE9A-6C89931B14E3}"
EndProject
Project("{FAE04EC0-301F-11D3-BF4B-00C04F79EFBC}") = "CommonAst", "CommonAst\CommonAst.csproj", "{B69AA043-1F46-4B11-A39D-26AC3CF1E294}"
EndProject
Project("{2150E333-8FDC-42A3-9474-1A3956D46DE8}") = "DSLs", "DSLs", "{1C4A2A61-FFBB-4EC7-9A51-8CAC5617B46B}"
EndProject
Project("{2150E333-8FDC-42A3-9474-1A3956D46DE8}") = "Quark2", "Quark2", "{314A78FE-7517-4F23-B01D-54BF75B0A529}"
EndProject
Project("{2150E333-8FDC-42A3-9474-1A3956D46DE8}") = "LinqPython", "LinqPython", "{E0EFBCAE-C918-465E-9586-C2DB29BA6EC6}"
EndProject
Project("{FAE04EC0-301F-11D3-BF4B-00C04F79EFBC}") = "LinqPythonLib", "LinqPythonLib\LinqPythonLib.csproj", "{5070C53F-F8A7-4A18-96D7-2E589BB77F2C}"
EndProject
Project("{FAE04EC0-301F-11D3-BF4B-00C04F79EFBC}") = "LinqPythonApp", "LinqPythonApp\LinqPythonApp.csproj", "{F33707EC-ECC6-4060-A69D-5E00C28F8F1F}"
EndProject
Project("{FAE04EC0-301F-11D3-BF4B-00C04F79EFBC}") = "QuarkBenchmarks", "QuarkBenchmarks\QuarkBenchmarks.csproj", "{25B87663-7F78-4BC5-AF8D-4C28014629EF}"
EndProject
Project("{FAE04EC0-301F-11D3-BF4B-00C04F79EFBC}") = "CommonFrontendApi", "CommonFrontendApi\CommonFrontendApi.csproj", "{1E96656E-2D35-48BE-A416-270751DC7AD4}"
EndProject
Project("{FAE04EC0-301F-11D3-BF4B-00C04F79EFBC}") = "LinqLexer", "LinqLexer\LinqLexer.csproj", "{8F53CC89-683D-42BF-99A1-C9CB15774678}"
EndProject
Project("{2150E333-8FDC-42A3-9474-1A3956D46DE8}") = "Quark", "Quark", "{F3492275-BC69-42FA-9A5C-8401BC6C5768}"
EndProject
Project("{2150E333-8FDC-42A3-9474-1A3956D46DE8}") = "Linq", "Linq", "{3E8021EF-0477-4D4E-B869-D20510C1278D}"
EndProject
Project("{FAE04EC0-301F-11D3-BF4B-00C04F79EFBC}") = "Example", "Example\Example.csproj", "{39C30717-DBE2-4DD2-B827-45E1A236C4CF}"
EndProject
Project("{FAE04EC0-301F-11D3-BF4B-00C04F79EFBC}") = "OptimizedAnyValue", "OptimizedAnyValue\OptimizedAnyValue.csproj", "{00ED26D4-3ACA-4044-91BD-44DA856D6947}"
EndProject
Project("{2150E333-8FDC-42A3-9474-1A3956D46DE8}") = "TypeSystem", "TypeSystem", "{6A6C8549-B434-46C4-8F63-A95463F618B8}"
EndProject
Project("{FAE04EC0-301F-11D3-BF4B-00C04F79EFBC}") = "SharpAnyType", "SharpAnyType\SharpAnyType.csproj", "{E2829281-1BBE-4256-9CF4-9B9CF287F64A}"
EndProject
Project("{FAE04EC0-301F-11D3-BF4B-00C04F79EFBC}") = "TypesystemBenchmarks", "TypesystemBenchmarks\TypesystemBenchmarks.csproj", "{2DDA9372-AF4E-4D64-A837-79B2B2EB27D7}"
EndProject
Project("{FAE04EC0-301F-11D3-BF4B-00C04F79EFBC}") = "StrongAnyValueCalculator", "StrongAnyValueCalculator\StrongAnyValueCalculator.csproj", "{A4CCEB54-1249-4267-9D21-C13F23A62AC0}"
EndProject
Project("{FAE04EC0-301F-11D3-BF4B-00C04F79EFBC}") = "QuarkUnitTests", "QuarkUnitTests\QuarkUnitTests.csproj", "{35BE4124-3246-493A-97B1-245EF4AA85CC}"
EndProject
Project("{2150E333-8FDC-42A3-9474-1A3956D46DE8}") = "UnitTests", "UnitTests", "{E90A6B8F-85EC-4A15-B5B9-A1893F6B75C0}"
EndProject
Project("{FAE04EC0-301F-11D3-BF4B-00C04F79EFBC}") = "RuntimeHacks", "RuntimeHacks\RuntimeHacks.csproj", "{D23A3941-2730-4777-A9CD-3D93B74B6FB3}"
EndProject
Project("{FAE04EC0-301F-11D3-BF4B-00C04F79EFBC}") = "OptimizedStack", "OptimizedStack\OptimizedStack.csproj", "{D472CEDD-F251-4616-977B-D3A04E89A4BD}"
EndProject
Project("{FAE04EC0-301F-11D3-BF4B-00C04F79EFBC}") = "TranslatorBenchmarks", "TranslatorBenchmarks\TranslatorBenchmarks.csproj", "{D3739A2B-69B6-4E2F-B0FE-591EC29B98CC}"
EndProject
Project("{FAE04EC0-301F-11D3-BF4B-00C04F79EFBC}") = "QuarkTime", "QuarkTime\QuarkTime.csproj", "{40A246BC-696B-4FF8-91CE-3B072388F0B3}"
EndProject
Project("{FAE04EC0-301F-11D3-BF4B-00C04F79EFBC}") = "CommonLexer", "CommonLexer\CommonLexer.csproj", "{B1387B73-8CF6-421B-8647-DB91027A8F46}"
EndProject
Global
	GlobalSection(SolutionConfigurationPlatforms) = preSolution
		Debug|Any CPU = Debug|Any CPU
		Release|Any CPU = Release|Any CPU
	EndGlobalSection
	GlobalSection(ProjectConfigurationPlatforms) = postSolution
		{C540B8DF-043E-44CC-8C82-AA97283F2E51}.Debug|Any CPU.ActiveCfg = Debug|Any CPU
		{C540B8DF-043E-44CC-8C82-AA97283F2E51}.Debug|Any CPU.Build.0 = Debug|Any CPU
		{C540B8DF-043E-44CC-8C82-AA97283F2E51}.Release|Any CPU.ActiveCfg = Release|Any CPU
		{C540B8DF-043E-44CC-8C82-AA97283F2E51}.Release|Any CPU.Build.0 = Release|Any CPU
		{E0A32CE8-432B-4E82-8DB7-CB841BA93448}.Debug|Any CPU.ActiveCfg = Debug|Any CPU
		{E0A32CE8-432B-4E82-8DB7-CB841BA93448}.Debug|Any CPU.Build.0 = Debug|Any CPU
		{E0A32CE8-432B-4E82-8DB7-CB841BA93448}.Release|Any CPU.ActiveCfg = Release|Any CPU
		{E0A32CE8-432B-4E82-8DB7-CB841BA93448}.Release|Any CPU.Build.0 = Release|Any CPU
		{28784E77-EE9B-4FA8-8FFE-AB837A0629A7}.Debug|Any CPU.ActiveCfg = Debug|Any CPU
		{28784E77-EE9B-4FA8-8FFE-AB837A0629A7}.Debug|Any CPU.Build.0 = Debug|Any CPU
		{28784E77-EE9B-4FA8-8FFE-AB837A0629A7}.Release|Any CPU.ActiveCfg = Release|Any CPU
		{28784E77-EE9B-4FA8-8FFE-AB837A0629A7}.Release|Any CPU.Build.0 = Release|Any CPU
		{4A7332AA-4C03-4606-B22B-ECBDDC43936D}.Debug|Any CPU.ActiveCfg = Debug|Any CPU
		{4A7332AA-4C03-4606-B22B-ECBDDC43936D}.Debug|Any CPU.Build.0 = Debug|Any CPU
		{4A7332AA-4C03-4606-B22B-ECBDDC43936D}.Release|Any CPU.ActiveCfg = Release|Any CPU
		{4A7332AA-4C03-4606-B22B-ECBDDC43936D}.Release|Any CPU.Build.0 = Release|Any CPU
		{23655F1D-0308-4A7F-9156-EEFF7C433769}.Debug|Any CPU.ActiveCfg = Debug|Any CPU
		{23655F1D-0308-4A7F-9156-EEFF7C433769}.Debug|Any CPU.Build.0 = Debug|Any CPU
		{23655F1D-0308-4A7F-9156-EEFF7C433769}.Release|Any CPU.ActiveCfg = Release|Any CPU
		{23655F1D-0308-4A7F-9156-EEFF7C433769}.Release|Any CPU.Build.0 = Release|Any CPU
		{A1647657-0097-49D0-AFE0-FB536B3693B8}.Debug|Any CPU.ActiveCfg = Debug|Any CPU
		{A1647657-0097-49D0-AFE0-FB536B3693B8}.Debug|Any CPU.Build.0 = Debug|Any CPU
		{A1647657-0097-49D0-AFE0-FB536B3693B8}.Release|Any CPU.ActiveCfg = Release|Any CPU
		{A1647657-0097-49D0-AFE0-FB536B3693B8}.Release|Any CPU.Build.0 = Release|Any CPU
		{86F74F91-8AA1-4994-9593-1964846B6A88}.Debug|Any CPU.ActiveCfg = Debug|Any CPU
		{86F74F91-8AA1-4994-9593-1964846B6A88}.Debug|Any CPU.Build.0 = Debug|Any CPU
		{86F74F91-8AA1-4994-9593-1964846B6A88}.Release|Any CPU.ActiveCfg = Release|Any CPU
		{86F74F91-8AA1-4994-9593-1964846B6A88}.Release|Any CPU.Build.0 = Release|Any CPU
		{DF69FFB7-695F-4BFB-94D8-779CAD2FFCD1}.Debug|Any CPU.ActiveCfg = Debug|Any CPU
		{DF69FFB7-695F-4BFB-94D8-779CAD2FFCD1}.Debug|Any CPU.Build.0 = Debug|Any CPU
		{DF69FFB7-695F-4BFB-94D8-779CAD2FFCD1}.Release|Any CPU.ActiveCfg = Release|Any CPU
		{DF69FFB7-695F-4BFB-94D8-779CAD2FFCD1}.Release|Any CPU.Build.0 = Release|Any CPU
		{DC2F0151-1608-43BA-B518-5056CAAEA1F7}.Debug|Any CPU.ActiveCfg = Debug|Any CPU
		{DC2F0151-1608-43BA-B518-5056CAAEA1F7}.Debug|Any CPU.Build.0 = Debug|Any CPU
		{DC2F0151-1608-43BA-B518-5056CAAEA1F7}.Release|Any CPU.ActiveCfg = Release|Any CPU
		{DC2F0151-1608-43BA-B518-5056CAAEA1F7}.Release|Any CPU.Build.0 = Release|Any CPU
		{D9EBC170-9DE2-4D20-9B51-28381FFCAD74}.Debug|Any CPU.ActiveCfg = Debug|Any CPU
		{D9EBC170-9DE2-4D20-9B51-28381FFCAD74}.Debug|Any CPU.Build.0 = Debug|Any CPU
		{D9EBC170-9DE2-4D20-9B51-28381FFCAD74}.Release|Any CPU.ActiveCfg = Release|Any CPU
		{D9EBC170-9DE2-4D20-9B51-28381FFCAD74}.Release|Any CPU.Build.0 = Release|Any CPU
		{30D0ACB6-6268-4EA0-9B97-E5A29A36C8F9}.Debug|Any CPU.ActiveCfg = Debug|Any CPU
		{30D0ACB6-6268-4EA0-9B97-E5A29A36C8F9}.Debug|Any CPU.Build.0 = Debug|Any CPU
		{30D0ACB6-6268-4EA0-9B97-E5A29A36C8F9}.Release|Any CPU.ActiveCfg = Release|Any CPU
		{30D0ACB6-6268-4EA0-9B97-E5A29A36C8F9}.Release|Any CPU.Build.0 = Release|Any CPU
		{D8860990-96FE-4B18-8099-765ADE6E7523}.Debug|Any CPU.ActiveCfg = Debug|Any CPU
		{D8860990-96FE-4B18-8099-765ADE6E7523}.Debug|Any CPU.Build.0 = Debug|Any CPU
		{D8860990-96FE-4B18-8099-765ADE6E7523}.Release|Any CPU.ActiveCfg = Release|Any CPU
		{D8860990-96FE-4B18-8099-765ADE6E7523}.Release|Any CPU.Build.0 = Release|Any CPU
		{ED7ED649-DDD5-458C-AB93-6B21A38ED229}.Debug|Any CPU.ActiveCfg = Debug|Any CPU
		{ED7ED649-DDD5-458C-AB93-6B21A38ED229}.Debug|Any CPU.Build.0 = Debug|Any CPU
		{ED7ED649-DDD5-458C-AB93-6B21A38ED229}.Release|Any CPU.ActiveCfg = Release|Any CPU
		{ED7ED649-DDD5-458C-AB93-6B21A38ED229}.Release|Any CPU.Build.0 = Release|Any CPU
		{5F5EC9A4-7760-4AB9-8FF9-1E097862137E}.Debug|Any CPU.ActiveCfg = Debug|Any CPU
		{5F5EC9A4-7760-4AB9-8FF9-1E097862137E}.Debug|Any CPU.Build.0 = Debug|Any CPU
		{5F5EC9A4-7760-4AB9-8FF9-1E097862137E}.Release|Any CPU.ActiveCfg = Release|Any CPU
		{5F5EC9A4-7760-4AB9-8FF9-1E097862137E}.Release|Any CPU.Build.0 = Release|Any CPU
		{D11D3BC2-1FBD-4B80-B817-34C00C23D33C}.Debug|Any CPU.ActiveCfg = Debug|Any CPU
		{D11D3BC2-1FBD-4B80-B817-34C00C23D33C}.Debug|Any CPU.Build.0 = Debug|Any CPU
		{D11D3BC2-1FBD-4B80-B817-34C00C23D33C}.Release|Any CPU.ActiveCfg = Release|Any CPU
		{D11D3BC2-1FBD-4B80-B817-34C00C23D33C}.Release|Any CPU.Build.0 = Release|Any CPU
		{3713435A-C847-4B97-9DAE-819E680272A2}.Debug|Any CPU.ActiveCfg = Debug|Any CPU
		{3713435A-C847-4B97-9DAE-819E680272A2}.Debug|Any CPU.Build.0 = Debug|Any CPU
		{3713435A-C847-4B97-9DAE-819E680272A2}.Release|Any CPU.ActiveCfg = Release|Any CPU
		{3713435A-C847-4B97-9DAE-819E680272A2}.Release|Any CPU.Build.0 = Release|Any CPU
		{FD0AE4FD-754C-45AF-901D-AE19BC27CF8F}.Debug|Any CPU.ActiveCfg = Debug|Any CPU
		{FD0AE4FD-754C-45AF-901D-AE19BC27CF8F}.Debug|Any CPU.Build.0 = Debug|Any CPU
		{FD0AE4FD-754C-45AF-901D-AE19BC27CF8F}.Release|Any CPU.ActiveCfg = Release|Any CPU
		{FD0AE4FD-754C-45AF-901D-AE19BC27CF8F}.Release|Any CPU.Build.0 = Release|Any CPU
		{D4BDE9FC-5815-42D0-A44C-86AAA098D100}.Debug|Any CPU.ActiveCfg = Debug|Any CPU
		{D4BDE9FC-5815-42D0-A44C-86AAA098D100}.Debug|Any CPU.Build.0 = Debug|Any CPU
		{D4BDE9FC-5815-42D0-A44C-86AAA098D100}.Release|Any CPU.ActiveCfg = Release|Any CPU
		{D4BDE9FC-5815-42D0-A44C-86AAA098D100}.Release|Any CPU.Build.0 = Release|Any CPU
		{FCA0150C-983D-440E-8E6F-DAA564BCBA84}.Debug|Any CPU.ActiveCfg = Debug|Any CPU
		{FCA0150C-983D-440E-8E6F-DAA564BCBA84}.Debug|Any CPU.Build.0 = Debug|Any CPU
		{FCA0150C-983D-440E-8E6F-DAA564BCBA84}.Release|Any CPU.ActiveCfg = Release|Any CPU
		{FCA0150C-983D-440E-8E6F-DAA564BCBA84}.Release|Any CPU.Build.0 = Release|Any CPU
		{C6688E33-A479-475F-AF66-3F3CEAD32528}.Debug|Any CPU.ActiveCfg = Debug|Any CPU
		{C6688E33-A479-475F-AF66-3F3CEAD32528}.Debug|Any CPU.Build.0 = Debug|Any CPU
		{C6688E33-A479-475F-AF66-3F3CEAD32528}.Release|Any CPU.ActiveCfg = Release|Any CPU
		{C6688E33-A479-475F-AF66-3F3CEAD32528}.Release|Any CPU.Build.0 = Release|Any CPU
		{E0725DE2-7DEE-4092-BD6A-3C933D9E9165}.Debug|Any CPU.ActiveCfg = Debug|Any CPU
		{E0725DE2-7DEE-4092-BD6A-3C933D9E9165}.Debug|Any CPU.Build.0 = Debug|Any CPU
		{E0725DE2-7DEE-4092-BD6A-3C933D9E9165}.Release|Any CPU.ActiveCfg = Release|Any CPU
		{E0725DE2-7DEE-4092-BD6A-3C933D9E9165}.Release|Any CPU.Build.0 = Release|Any CPU
		{FF3FB5E8-2220-4868-95A8-715D6BECEBEB}.Debug|Any CPU.ActiveCfg = Debug|Any CPU
		{FF3FB5E8-2220-4868-95A8-715D6BECEBEB}.Debug|Any CPU.Build.0 = Debug|Any CPU
		{FF3FB5E8-2220-4868-95A8-715D6BECEBEB}.Release|Any CPU.ActiveCfg = Release|Any CPU
		{FF3FB5E8-2220-4868-95A8-715D6BECEBEB}.Release|Any CPU.Build.0 = Release|Any CPU
		{E2E7758B-BB2E-4E8C-9965-F860A3516BC8}.Debug|Any CPU.ActiveCfg = Debug|Any CPU
		{E2E7758B-BB2E-4E8C-9965-F860A3516BC8}.Debug|Any CPU.Build.0 = Debug|Any CPU
		{E2E7758B-BB2E-4E8C-9965-F860A3516BC8}.Release|Any CPU.ActiveCfg = Release|Any CPU
		{E2E7758B-BB2E-4E8C-9965-F860A3516BC8}.Release|Any CPU.Build.0 = Release|Any CPU
		{E4A5B3A6-9583-47C8-9176-55264AB58F3C}.Debug|Any CPU.ActiveCfg = Debug|Any CPU
		{E4A5B3A6-9583-47C8-9176-55264AB58F3C}.Debug|Any CPU.Build.0 = Debug|Any CPU
		{E4A5B3A6-9583-47C8-9176-55264AB58F3C}.Release|Any CPU.ActiveCfg = Release|Any CPU
		{E4A5B3A6-9583-47C8-9176-55264AB58F3C}.Release|Any CPU.Build.0 = Release|Any CPU
		{66EAE956-4940-4F67-A141-13AA86FA7081}.Debug|Any CPU.ActiveCfg = Debug|Any CPU
		{66EAE956-4940-4F67-A141-13AA86FA7081}.Debug|Any CPU.Build.0 = Debug|Any CPU
		{66EAE956-4940-4F67-A141-13AA86FA7081}.Release|Any CPU.ActiveCfg = Release|Any CPU
		{66EAE956-4940-4F67-A141-13AA86FA7081}.Release|Any CPU.Build.0 = Release|Any CPU
		{4245E997-A9C6-45B6-BE9A-6C89931B14E3}.Debug|Any CPU.ActiveCfg = Debug|Any CPU
		{4245E997-A9C6-45B6-BE9A-6C89931B14E3}.Debug|Any CPU.Build.0 = Debug|Any CPU
		{4245E997-A9C6-45B6-BE9A-6C89931B14E3}.Release|Any CPU.ActiveCfg = Release|Any CPU
		{4245E997-A9C6-45B6-BE9A-6C89931B14E3}.Release|Any CPU.Build.0 = Release|Any CPU
		{B69AA043-1F46-4B11-A39D-26AC3CF1E294}.Debug|Any CPU.ActiveCfg = Debug|Any CPU
		{B69AA043-1F46-4B11-A39D-26AC3CF1E294}.Debug|Any CPU.Build.0 = Debug|Any CPU
		{B69AA043-1F46-4B11-A39D-26AC3CF1E294}.Release|Any CPU.ActiveCfg = Release|Any CPU
		{B69AA043-1F46-4B11-A39D-26AC3CF1E294}.Release|Any CPU.Build.0 = Release|Any CPU
		{5070C53F-F8A7-4A18-96D7-2E589BB77F2C}.Debug|Any CPU.ActiveCfg = Debug|Any CPU
		{5070C53F-F8A7-4A18-96D7-2E589BB77F2C}.Debug|Any CPU.Build.0 = Debug|Any CPU
		{5070C53F-F8A7-4A18-96D7-2E589BB77F2C}.Release|Any CPU.ActiveCfg = Release|Any CPU
		{5070C53F-F8A7-4A18-96D7-2E589BB77F2C}.Release|Any CPU.Build.0 = Release|Any CPU
		{F33707EC-ECC6-4060-A69D-5E00C28F8F1F}.Debug|Any CPU.ActiveCfg = Debug|Any CPU
		{F33707EC-ECC6-4060-A69D-5E00C28F8F1F}.Debug|Any CPU.Build.0 = Debug|Any CPU
		{F33707EC-ECC6-4060-A69D-5E00C28F8F1F}.Release|Any CPU.ActiveCfg = Release|Any CPU
		{F33707EC-ECC6-4060-A69D-5E00C28F8F1F}.Release|Any CPU.Build.0 = Release|Any CPU
		{25B87663-7F78-4BC5-AF8D-4C28014629EF}.Debug|Any CPU.ActiveCfg = Debug|Any CPU
		{25B87663-7F78-4BC5-AF8D-4C28014629EF}.Debug|Any CPU.Build.0 = Debug|Any CPU
		{25B87663-7F78-4BC5-AF8D-4C28014629EF}.Release|Any CPU.ActiveCfg = Release|Any CPU
		{25B87663-7F78-4BC5-AF8D-4C28014629EF}.Release|Any CPU.Build.0 = Release|Any CPU
		{1E96656E-2D35-48BE-A416-270751DC7AD4}.Debug|Any CPU.ActiveCfg = Debug|Any CPU
		{1E96656E-2D35-48BE-A416-270751DC7AD4}.Debug|Any CPU.Build.0 = Debug|Any CPU
		{1E96656E-2D35-48BE-A416-270751DC7AD4}.Release|Any CPU.ActiveCfg = Release|Any CPU
		{1E96656E-2D35-48BE-A416-270751DC7AD4}.Release|Any CPU.Build.0 = Release|Any CPU
		{8F53CC89-683D-42BF-99A1-C9CB15774678}.Debug|Any CPU.ActiveCfg = Debug|Any CPU
		{8F53CC89-683D-42BF-99A1-C9CB15774678}.Debug|Any CPU.Build.0 = Debug|Any CPU
		{8F53CC89-683D-42BF-99A1-C9CB15774678}.Release|Any CPU.ActiveCfg = Release|Any CPU
		{8F53CC89-683D-42BF-99A1-C9CB15774678}.Release|Any CPU.Build.0 = Release|Any CPU
		{39C30717-DBE2-4DD2-B827-45E1A236C4CF}.Debug|Any CPU.ActiveCfg = Debug|Any CPU
		{39C30717-DBE2-4DD2-B827-45E1A236C4CF}.Debug|Any CPU.Build.0 = Debug|Any CPU
		{39C30717-DBE2-4DD2-B827-45E1A236C4CF}.Release|Any CPU.ActiveCfg = Release|Any CPU
		{39C30717-DBE2-4DD2-B827-45E1A236C4CF}.Release|Any CPU.Build.0 = Release|Any CPU
		{00ED26D4-3ACA-4044-91BD-44DA856D6947}.Debug|Any CPU.ActiveCfg = Debug|Any CPU
		{00ED26D4-3ACA-4044-91BD-44DA856D6947}.Debug|Any CPU.Build.0 = Debug|Any CPU
		{00ED26D4-3ACA-4044-91BD-44DA856D6947}.Release|Any CPU.ActiveCfg = Release|Any CPU
		{00ED26D4-3ACA-4044-91BD-44DA856D6947}.Release|Any CPU.Build.0 = Release|Any CPU
		{E2829281-1BBE-4256-9CF4-9B9CF287F64A}.Debug|Any CPU.ActiveCfg = Debug|Any CPU
		{E2829281-1BBE-4256-9CF4-9B9CF287F64A}.Debug|Any CPU.Build.0 = Debug|Any CPU
		{E2829281-1BBE-4256-9CF4-9B9CF287F64A}.Release|Any CPU.ActiveCfg = Release|Any CPU
		{E2829281-1BBE-4256-9CF4-9B9CF287F64A}.Release|Any CPU.Build.0 = Release|Any CPU
		{2DDA9372-AF4E-4D64-A837-79B2B2EB27D7}.Debug|Any CPU.ActiveCfg = Debug|Any CPU
		{2DDA9372-AF4E-4D64-A837-79B2B2EB27D7}.Debug|Any CPU.Build.0 = Debug|Any CPU
		{2DDA9372-AF4E-4D64-A837-79B2B2EB27D7}.Release|Any CPU.ActiveCfg = Release|Any CPU
		{2DDA9372-AF4E-4D64-A837-79B2B2EB27D7}.Release|Any CPU.Build.0 = Release|Any CPU
		{A4CCEB54-1249-4267-9D21-C13F23A62AC0}.Debug|Any CPU.ActiveCfg = Debug|Any CPU
		{A4CCEB54-1249-4267-9D21-C13F23A62AC0}.Debug|Any CPU.Build.0 = Debug|Any CPU
		{A4CCEB54-1249-4267-9D21-C13F23A62AC0}.Release|Any CPU.ActiveCfg = Release|Any CPU
		{A4CCEB54-1249-4267-9D21-C13F23A62AC0}.Release|Any CPU.Build.0 = Release|Any CPU
		{35BE4124-3246-493A-97B1-245EF4AA85CC}.Debug|Any CPU.ActiveCfg = Debug|Any CPU
		{35BE4124-3246-493A-97B1-245EF4AA85CC}.Debug|Any CPU.Build.0 = Debug|Any CPU
		{35BE4124-3246-493A-97B1-245EF4AA85CC}.Release|Any CPU.ActiveCfg = Release|Any CPU
		{35BE4124-3246-493A-97B1-245EF4AA85CC}.Release|Any CPU.Build.0 = Release|Any CPU
		{D23A3941-2730-4777-A9CD-3D93B74B6FB3}.Debug|Any CPU.ActiveCfg = Debug|Any CPU
		{D23A3941-2730-4777-A9CD-3D93B74B6FB3}.Debug|Any CPU.Build.0 = Debug|Any CPU
		{D23A3941-2730-4777-A9CD-3D93B74B6FB3}.Release|Any CPU.ActiveCfg = Release|Any CPU
		{D23A3941-2730-4777-A9CD-3D93B74B6FB3}.Release|Any CPU.Build.0 = Release|Any CPU
		{D472CEDD-F251-4616-977B-D3A04E89A4BD}.Debug|Any CPU.ActiveCfg = Debug|Any CPU
		{D472CEDD-F251-4616-977B-D3A04E89A4BD}.Debug|Any CPU.Build.0 = Debug|Any CPU
		{D472CEDD-F251-4616-977B-D3A04E89A4BD}.Release|Any CPU.ActiveCfg = Release|Any CPU
		{D472CEDD-F251-4616-977B-D3A04E89A4BD}.Release|Any CPU.Build.0 = Release|Any CPU
		{D3739A2B-69B6-4E2F-B0FE-591EC29B98CC}.Debug|Any CPU.ActiveCfg = Debug|Any CPU
		{D3739A2B-69B6-4E2F-B0FE-591EC29B98CC}.Debug|Any CPU.Build.0 = Debug|Any CPU
		{D3739A2B-69B6-4E2F-B0FE-591EC29B98CC}.Release|Any CPU.ActiveCfg = Release|Any CPU
		{D3739A2B-69B6-4E2F-B0FE-591EC29B98CC}.Release|Any CPU.Build.0 = Release|Any CPU
		{40A246BC-696B-4FF8-91CE-3B072388F0B3}.Debug|Any CPU.ActiveCfg = Debug|Any CPU
		{40A246BC-696B-4FF8-91CE-3B072388F0B3}.Debug|Any CPU.Build.0 = Debug|Any CPU
		{40A246BC-696B-4FF8-91CE-3B072388F0B3}.Release|Any CPU.ActiveCfg = Release|Any CPU
		{40A246BC-696B-4FF8-91CE-3B072388F0B3}.Release|Any CPU.Build.0 = Release|Any CPU
		{B1387B73-8CF6-421B-8647-DB91027A8F46}.Debug|Any CPU.ActiveCfg = Debug|Any CPU
		{B1387B73-8CF6-421B-8647-DB91027A8F46}.Debug|Any CPU.Build.0 = Debug|Any CPU
		{B1387B73-8CF6-421B-8647-DB91027A8F46}.Release|Any CPU.ActiveCfg = Release|Any CPU
		{B1387B73-8CF6-421B-8647-DB91027A8F46}.Release|Any CPU.Build.0 = Release|Any CPU
	EndGlobalSection
	GlobalSection(NestedProjects) = preSolution
		{86F74F91-8AA1-4994-9593-1964846B6A88} = {9FB6F7E6-CEE1-4283-997D-12353A24085F}
		{DC2F0151-1608-43BA-B518-5056CAAEA1F7} = {9FB6F7E6-CEE1-4283-997D-12353A24085F}
		{A1647657-0097-49D0-AFE0-FB536B3693B8} = {7E557B1F-6B73-49B6-B469-41A540D8EB62}
		{D9EBC170-9DE2-4D20-9B51-28381FFCAD74} = {7E557B1F-6B73-49B6-B469-41A540D8EB62}
		{30D0ACB6-6268-4EA0-9B97-E5A29A36C8F9} = {9FB6F7E6-CEE1-4283-997D-12353A24085F}
		{E0A32CE8-432B-4E82-8DB7-CB841BA93448} = {C5F332E7-FD0B-413B-A6FB-51B1DBE6E687}
		{23655F1D-0308-4A7F-9156-EEFF7C433769} = {C5F332E7-FD0B-413B-A6FB-51B1DBE6E687}
		{D11D3BC2-1FBD-4B80-B817-34C00C23D33C} = {604E489F-7FFB-43AE-80EC-BF8EFC4F3F9E}
		{3713435A-C847-4B97-9DAE-819E680272A2} = {9FB6F7E6-CEE1-4283-997D-12353A24085F}
		{FD0AE4FD-754C-45AF-901D-AE19BC27CF8F} = {9FB6F7E6-CEE1-4283-997D-12353A24085F}
		{D4BDE9FC-5815-42D0-A44C-86AAA098D100} = {9FB6F7E6-CEE1-4283-997D-12353A24085F}
		{FCA0150C-983D-440E-8E6F-DAA564BCBA84} = {9FB6F7E6-CEE1-4283-997D-12353A24085F}
		{C6688E33-A479-475F-AF66-3F3CEAD32528} = {9FB6F7E6-CEE1-4283-997D-12353A24085F}
		{E0725DE2-7DEE-4092-BD6A-3C933D9E9165} = {9FB6F7E6-CEE1-4283-997D-12353A24085F}
		{FF3FB5E8-2220-4868-95A8-715D6BECEBEB} = {9FB6F7E6-CEE1-4283-997D-12353A24085F}
		{70CF601C-755F-439E-BEE7-0782848A0B08} = {91EBD7AA-7FB8-4B70-A957-C3223CC1B6F0}
		{28784E77-EE9B-4FA8-8FFE-AB837A0629A7} = {70CF601C-755F-439E-BEE7-0782848A0B08}
		{2412AFDD-B31A-4B90-A5D4-1B3A9D77AB79} = {91EBD7AA-7FB8-4B70-A957-C3223CC1B6F0}
		{4A7332AA-4C03-4606-B22B-ECBDDC43936D} = {91EBD7AA-7FB8-4B70-A957-C3223CC1B6F0}
		{E2E7758B-BB2E-4E8C-9965-F860A3516BC8} = {2412AFDD-B31A-4B90-A5D4-1B3A9D77AB79}
		{E4A5B3A6-9583-47C8-9176-55264AB58F3C} = {7E557B1F-6B73-49B6-B469-41A540D8EB62}
		{314A78FE-7517-4F23-B01D-54BF75B0A529} = {1C4A2A61-FFBB-4EC7-9A51-8CAC5617B46B}
		{C540B8DF-043E-44CC-8C82-AA97283F2E51} = {314A78FE-7517-4F23-B01D-54BF75B0A529}
		{E0EFBCAE-C918-465E-9586-C2DB29BA6EC6} = {1C4A2A61-FFBB-4EC7-9A51-8CAC5617B46B}
		{5070C53F-F8A7-4A18-96D7-2E589BB77F2C} = {E0EFBCAE-C918-465E-9586-C2DB29BA6EC6}
		{F33707EC-ECC6-4060-A69D-5E00C28F8F1F} = {E0EFBCAE-C918-465E-9586-C2DB29BA6EC6}
		{25B87663-7F78-4BC5-AF8D-4C28014629EF} = {314A78FE-7517-4F23-B01D-54BF75B0A529}
		{1E96656E-2D35-48BE-A416-270751DC7AD4} = {765B5CFA-5E29-4652-8CC1-DDA1BAF3498D}
		{F3492275-BC69-42FA-9A5C-8401BC6C5768} = {765B5CFA-5E29-4652-8CC1-DDA1BAF3498D}
		{D8860990-96FE-4B18-8099-765ADE6E7523} = {F3492275-BC69-42FA-9A5C-8401BC6C5768}
		{4245E997-A9C6-45B6-BE9A-6C89931B14E3} = {F3492275-BC69-42FA-9A5C-8401BC6C5768}
		{ED7ED649-DDD5-458C-AB93-6B21A38ED229} = {F3492275-BC69-42FA-9A5C-8401BC6C5768}
		{3E8021EF-0477-4D4E-B869-D20510C1278D} = {765B5CFA-5E29-4652-8CC1-DDA1BAF3498D}
		{66EAE956-4940-4F67-A141-13AA86FA7081} = {3E8021EF-0477-4D4E-B869-D20510C1278D}
		{8F53CC89-683D-42BF-99A1-C9CB15774678} = {3E8021EF-0477-4D4E-B869-D20510C1278D}
		{DF69FFB7-695F-4BFB-94D8-779CAD2FFCD1} = {7E557B1F-6B73-49B6-B469-41A540D8EB62}
		{00ED26D4-3ACA-4044-91BD-44DA856D6947} = {6A6C8549-B434-46C4-8F63-A95463F618B8}
		{E2829281-1BBE-4256-9CF4-9B9CF287F64A} = {6A6C8549-B434-46C4-8F63-A95463F618B8}
		{2DDA9372-AF4E-4D64-A837-79B2B2EB27D7} = {6A6C8549-B434-46C4-8F63-A95463F618B8}
		{A4CCEB54-1249-4267-9D21-C13F23A62AC0} = {6A6C8549-B434-46C4-8F63-A95463F618B8}
		{35BE4124-3246-493A-97B1-245EF4AA85CC} = {E90A6B8F-85EC-4A15-B5B9-A1893F6B75C0}
		{D23A3941-2730-4777-A9CD-3D93B74B6FB3} = {7E557B1F-6B73-49B6-B469-41A540D8EB62}
		{D472CEDD-F251-4616-977B-D3A04E89A4BD} = {7E557B1F-6B73-49B6-B469-41A540D8EB62}
		{D3739A2B-69B6-4E2F-B0FE-591EC29B98CC} = {2412AFDD-B31A-4B90-A5D4-1B3A9D77AB79}
		{5F5EC9A4-7760-4AB9-8FF9-1E097862137E} = {7E557B1F-6B73-49B6-B469-41A540D8EB62}
		{40A246BC-696B-4FF8-91CE-3B072388F0B3} = {9FB6F7E6-CEE1-4283-997D-12353A24085F}
		{B1387B73-8CF6-421B-8647-DB91027A8F46} = {765B5CFA-5E29-4652-8CC1-DDA1BAF3498D}
		{B69AA043-1F46-4B11-A39D-26AC3CF1E294} = {765B5CFA-5E29-4652-8CC1-DDA1BAF3498D}
	EndGlobalSection
EndGlobal
