
Microsoft Visual Studio Solution File, Format Version 12.00
Project("{FAE04EC0-301F-11D3-BF4B-00C04F79EFBC}") = "Quark2", "Quark2\Quark2.csproj", "{C540B8DF-043E-44CC-8C82-AA97283F2E51}"
EndProject
Project("{FAE04EC0-301F-11D3-BF4B-00C04F79EFBC}") = "CommonBytecode", "CommonBytecode\CommonBytecode.csproj", "{E0A32CE8-432B-4E82-8DB7-CB841BA93448}"
EndProject
Project("{FAE04EC0-301F-11D3-BF4B-00C04F79EFBC}") = "VirtualMachine", "VirtualMachine\VirtualMachine.csproj", "{28784E77-EE9B-4FA8-8FFE-AB837A0629A7}"
EndProject
Project("{FAE04EC0-301F-11D3-BF4B-00C04F79EFBC}") = "AbstractExecutor", "AbstractExecutor\AbstractExecutor.csproj", "{4A7332AA-4C03-4606-B22B-ECBDDC43936D}"
EndProject
Project("{FAE04EC0-301F-11D3-BF4B-00C04F79EFBC}") = "BytecodeGenerationSimplifier", "BytecodeGenerationSimplifier\BytecodeGenerationSimplifier.csproj", "{23655F1D-0308-4A7F-9156-EEFF7C433769}"
EndProject
Project("{FAE04EC0-301F-11D3-BF4B-00C04F79EFBC}") = "ExceptionsManager", "ExceptionsManager\ExceptionsManager.csproj", "{A1647657-0097-49D0-AFE0-FB536B3693B8}"
EndProject
Project("{FAE04EC0-301F-11D3-BF4B-00C04F79EFBC}") = "QuarkIO", "QuarkIO\QuarkIO.csproj", "{86F74F91-8AA1-4994-9593-1964846B6A88}"
EndProject
Project("{FAE04EC0-301F-11D3-BF4B-00C04F79EFBC}") = "SharpLibrariesImporter", "SharpLibrariesImporter\SharpLibrariesImporter.csproj", "{DF69FFB7-695F-4BFB-94D8-779CAD2FFCD1}"
EndProject
Project("{2150E333-8FDC-42A3-9474-1A3956D46DE8}") = "Libraries", "Libraries", "{9FB6F7E6-CEE1-4283-997D-12353A24085F}"
EndProject
Project("{FAE04EC0-301F-11D3-BF4B-00C04F79EFBC}") = "QuarkRandom", "QuarkRandom\QuarkRandom.csproj", "{DC2F0151-1608-43BA-B518-5056CAAEA1F7}"
EndProject
Project("{2150E333-8FDC-42A3-9474-1A3956D46DE8}") = "Helpers", "Helpers", "{7E557B1F-6B73-49B6-B469-41A540D8EB62}"
EndProject
Project("{FAE04EC0-301F-11D3-BF4B-00C04F79EFBC}") = "Doubles", "Doubles\Doubles.csproj", "{D9EBC170-9DE2-4D20-9B51-28381FFCAD74}"
EndProject
Project("{FAE04EC0-301F-11D3-BF4B-00C04F79EFBC}") = "QuarkVector", "QuarkVector\QuarkVector.csproj", "{30D0ACB6-6268-4EA0-9B97-E5A29A36C8F9}"
EndProject
Project("{2150E333-8FDC-42A3-9474-1A3956D46DE8}") = "Backend", "Backend", "{91EBD7AA-7FB8-4B70-A957-C3223CC1B6F0}"
EndProject
Project("{2150E333-8FDC-42A3-9474-1A3956D46DE8}") = "Frontend", "Frontend", "{765B5CFA-5E29-4652-8CC1-DDA1BAF3498D}"
EndProject
Project("{FAE04EC0-301F-11D3-BF4B-00C04F79EFBC}") = "QuarkCFrontend", "QuarkCFrontend\QuarkCFrontend.csproj", "{D8860990-96FE-4B18-8099-765ADE6E7523}"
EndProject
Project("{FAE04EC0-301F-11D3-BF4B-00C04F79EFBC}") = "AsgToBytecodeTranslator", "AsgToBytecodeTranslator\AsgToBytecodeTranslator.csproj", "{ED7ED649-DDD5-458C-AB93-6B21A38ED229}"
EndProject
Project("{2150E333-8FDC-42A3-9474-1A3956D46DE8}") = "Bytecode", "Bytecode", "{C5F332E7-FD0B-413B-A6FB-51B1DBE6E687}"
EndProject
Global
	GlobalSection(SolutionConfigurationPlatforms) = preSolution
		Debug|Any CPU = Debug|Any CPU
		Release|Any CPU = Release|Any CPU
	EndGlobalSection
	GlobalSection(ProjectConfigurationPlatforms) = postSolution
		{C540B8DF-043E-44CC-8C82-AA97283F2E51}.Debug|Any CPU.ActiveCfg = Debug|Any CPU
		{C540B8DF-043E-44CC-8C82-AA97283F2E51}.Debug|Any CPU.Build.0 = Debug|Any CPU
		{C540B8DF-043E-44CC-8C82-AA97283F2E51}.Release|Any CPU.ActiveCfg = Release|Any CPU
		{C540B8DF-043E-44CC-8C82-AA97283F2E51}.Release|Any CPU.Build.0 = Release|Any CPU
		{E0A32CE8-432B-4E82-8DB7-CB841BA93448}.Debug|Any CPU.ActiveCfg = Debug|Any CPU
		{E0A32CE8-432B-4E82-8DB7-CB841BA93448}.Debug|Any CPU.Build.0 = Debug|Any CPU
		{E0A32CE8-432B-4E82-8DB7-CB841BA93448}.Release|Any CPU.ActiveCfg = Release|Any CPU
		{E0A32CE8-432B-4E82-8DB7-CB841BA93448}.Release|Any CPU.Build.0 = Release|Any CPU
		{28784E77-EE9B-4FA8-8FFE-AB837A0629A7}.Debug|Any CPU.ActiveCfg = Debug|Any CPU
		{28784E77-EE9B-4FA8-8FFE-AB837A0629A7}.Debug|Any CPU.Build.0 = Debug|Any CPU
		{28784E77-EE9B-4FA8-8FFE-AB837A0629A7}.Release|Any CPU.ActiveCfg = Release|Any CPU
		{28784E77-EE9B-4FA8-8FFE-AB837A0629A7}.Release|Any CPU.Build.0 = Release|Any CPU
		{4A7332AA-4C03-4606-B22B-ECBDDC43936D}.Debug|Any CPU.ActiveCfg = Debug|Any CPU
		{4A7332AA-4C03-4606-B22B-ECBDDC43936D}.Debug|Any CPU.Build.0 = Debug|Any CPU
		{4A7332AA-4C03-4606-B22B-ECBDDC43936D}.Release|Any CPU.ActiveCfg = Release|Any CPU
		{4A7332AA-4C03-4606-B22B-ECBDDC43936D}.Release|Any CPU.Build.0 = Release|Any CPU
		{23655F1D-0308-4A7F-9156-EEFF7C433769}.Debug|Any CPU.ActiveCfg = Debug|Any CPU
		{23655F1D-0308-4A7F-9156-EEFF7C433769}.Debug|Any CPU.Build.0 = Debug|Any CPU
		{23655F1D-0308-4A7F-9156-EEFF7C433769}.Release|Any CPU.ActiveCfg = Release|Any CPU
		{23655F1D-0308-4A7F-9156-EEFF7C433769}.Release|Any CPU.Build.0 = Release|Any CPU
		{A1647657-0097-49D0-AFE0-FB536B3693B8}.Debug|Any CPU.ActiveCfg = Debug|Any CPU
		{A1647657-0097-49D0-AFE0-FB536B3693B8}.Debug|Any CPU.Build.0 = Debug|Any CPU
		{A1647657-0097-49D0-AFE0-FB536B3693B8}.Release|Any CPU.ActiveCfg = Release|Any CPU
		{A1647657-0097-49D0-AFE0-FB536B3693B8}.Release|Any CPU.Build.0 = Release|Any CPU
		{86F74F91-8AA1-4994-9593-1964846B6A88}.Debug|Any CPU.ActiveCfg = Debug|Any CPU
		{86F74F91-8AA1-4994-9593-1964846B6A88}.Debug|Any CPU.Build.0 = Debug|Any CPU
		{86F74F91-8AA1-4994-9593-1964846B6A88}.Release|Any CPU.ActiveCfg = Release|Any CPU
		{86F74F91-8AA1-4994-9593-1964846B6A88}.Release|Any CPU.Build.0 = Release|Any CPU
		{DF69FFB7-695F-4BFB-94D8-779CAD2FFCD1}.Debug|Any CPU.ActiveCfg = Debug|Any CPU
		{DF69FFB7-695F-4BFB-94D8-779CAD2FFCD1}.Debug|Any CPU.Build.0 = Debug|Any CPU
		{DF69FFB7-695F-4BFB-94D8-779CAD2FFCD1}.Release|Any CPU.ActiveCfg = Release|Any CPU
		{DF69FFB7-695F-4BFB-94D8-779CAD2FFCD1}.Release|Any CPU.Build.0 = Release|Any CPU
		{DC2F0151-1608-43BA-B518-5056CAAEA1F7}.Debug|Any CPU.ActiveCfg = Debug|Any CPU
		{DC2F0151-1608-43BA-B518-5056CAAEA1F7}.Debug|Any CPU.Build.0 = Debug|Any CPU
		{DC2F0151-1608-43BA-B518-5056CAAEA1F7}.Release|Any CPU.ActiveCfg = Release|Any CPU
		{DC2F0151-1608-43BA-B518-5056CAAEA1F7}.Release|Any CPU.Build.0 = Release|Any CPU
		{D9EBC170-9DE2-4D20-9B51-28381FFCAD74}.Debug|Any CPU.ActiveCfg = Debug|Any CPU
		{D9EBC170-9DE2-4D20-9B51-28381FFCAD74}.Debug|Any CPU.Build.0 = Debug|Any CPU
		{D9EBC170-9DE2-4D20-9B51-28381FFCAD74}.Release|Any CPU.ActiveCfg = Release|Any CPU
		{D9EBC170-9DE2-4D20-9B51-28381FFCAD74}.Release|Any CPU.Build.0 = Release|Any CPU
		{30D0ACB6-6268-4EA0-9B97-E5A29A36C8F9}.Debug|Any CPU.ActiveCfg = Debug|Any CPU
		{30D0ACB6-6268-4EA0-9B97-E5A29A36C8F9}.Debug|Any CPU.Build.0 = Debug|Any CPU
		{30D0ACB6-6268-4EA0-9B97-E5A29A36C8F9}.Release|Any CPU.ActiveCfg = Release|Any CPU
		{30D0ACB6-6268-4EA0-9B97-E5A29A36C8F9}.Release|Any CPU.Build.0 = Release|Any CPU
		{D8860990-96FE-4B18-8099-765ADE6E7523}.Debug|Any CPU.ActiveCfg = Debug|Any CPU
		{D8860990-96FE-4B18-8099-765ADE6E7523}.Debug|Any CPU.Build.0 = Debug|Any CPU
		{D8860990-96FE-4B18-8099-765ADE6E7523}.Release|Any CPU.ActiveCfg = Release|Any CPU
		{D8860990-96FE-4B18-8099-765ADE6E7523}.Release|Any CPU.Build.0 = Release|Any CPU
		{ED7ED649-DDD5-458C-AB93-6B21A38ED229}.Debug|Any CPU.ActiveCfg = Debug|Any CPU
		{ED7ED649-DDD5-458C-AB93-6B21A38ED229}.Debug|Any CPU.Build.0 = Debug|Any CPU
		{ED7ED649-DDD5-458C-AB93-6B21A38ED229}.Release|Any CPU.ActiveCfg = Release|Any CPU
		{ED7ED649-DDD5-458C-AB93-6B21A38ED229}.Release|Any CPU.Build.0 = Release|Any CPU
	EndGlobalSection
	GlobalSection(NestedProjects) = preSolution
		{86F74F91-8AA1-4994-9593-1964846B6A88} = {9FB6F7E6-CEE1-4283-997D-12353A24085F}
		{DC2F0151-1608-43BA-B518-5056CAAEA1F7} = {9FB6F7E6-CEE1-4283-997D-12353A24085F}
		{A1647657-0097-49D0-AFE0-FB536B3693B8} = {7E557B1F-6B73-49B6-B469-41A540D8EB62}
		{D9EBC170-9DE2-4D20-9B51-28381FFCAD74} = {7E557B1F-6B73-49B6-B469-41A540D8EB62}
		{30D0ACB6-6268-4EA0-9B97-E5A29A36C8F9} = {9FB6F7E6-CEE1-4283-997D-12353A24085F}
		{28784E77-EE9B-4FA8-8FFE-AB837A0629A7} = {91EBD7AA-7FB8-4B70-A957-C3223CC1B6F0}
		{D8860990-96FE-4B18-8099-765ADE6E7523} = {765B5CFA-5E29-4652-8CC1-DDA1BAF3498D}
		{ED7ED649-DDD5-458C-AB93-6B21A38ED229} = {765B5CFA-5E29-4652-8CC1-DDA1BAF3498D}
		{E0A32CE8-432B-4E82-8DB7-CB841BA93448} = {C5F332E7-FD0B-413B-A6FB-51B1DBE6E687}
		{23655F1D-0308-4A7F-9156-EEFF7C433769} = {C5F332E7-FD0B-413B-A6FB-51B1DBE6E687}
		{4A7332AA-4C03-4606-B22B-ECBDDC43936D} = {91EBD7AA-7FB8-4B70-A957-C3223CC1B6F0}
		{DF69FFB7-695F-4BFB-94D8-779CAD2FFCD1} = {91EBD7AA-7FB8-4B70-A957-C3223CC1B6F0}
	EndGlobalSection
EndGlobal
